
Microsoft Visual Studio Solution File, Format Version 12.00
# Visual Studio 14
VisualStudioVersion = 14.0.25420.1
MinimumVisualStudioVersion = 10.0.40219.1
Project("{FAE04EC0-301F-11D3-BF4B-00C04F79EFBC}") = "WindowsFormsFlightRadar2", "WindowsFormsFlightRadar2\WindowsFormsFlightRadar2.csproj", "{719465B5-FF9A-4CC4-9D16-DE116610B818}"
EndProject
Project("{FAE04EC0-301F-11D3-BF4B-00C04F79EFBC}") = "DataAccessLayer", "DataAccessLayer\DataAccessLayer.csproj", "{0C9E66C2-0A5C-4B6A-B197-74BCC5E3577E}"
EndProject
Project("{FAE04EC0-301F-11D3-BF4B-00C04F79EFBC}") = "PresentationLayer", "PresentationLayer\PresentationLayer.csproj", "{E3A9F254-95F2-40A3-9BB0-155A14346C29}"
EndProject
Global
	GlobalSection(SolutionConfigurationPlatforms) = preSolution
		Debug|Any CPU = Debug|Any CPU
		Release|Any CPU = Release|Any CPU
	EndGlobalSection
	GlobalSection(ProjectConfigurationPlatforms) = postSolution
		{719465B5-FF9A-4CC4-9D16-DE116610B818}.Debug|Any CPU.ActiveCfg = Debug|Any CPU
		{719465B5-FF9A-4CC4-9D16-DE116610B818}.Debug|Any CPU.Build.0 = Debug|Any CPU
		{719465B5-FF9A-4CC4-9D16-DE116610B818}.Release|Any CPU.ActiveCfg = Release|Any CPU
		{719465B5-FF9A-4CC4-9D16-DE116610B818}.Release|Any CPU.Build.0 = Release|Any CPU
		{0C9E66C2-0A5C-4B6A-B197-74BCC5E3577E}.Debug|Any CPU.ActiveCfg = Debug|Any CPU
		{0C9E66C2-0A5C-4B6A-B197-74BCC5E3577E}.Debug|Any CPU.Build.0 = Debug|Any CPU
		{0C9E66C2-0A5C-4B6A-B197-74BCC5E3577E}.Release|Any CPU.ActiveCfg = Release|Any CPU
		{0C9E66C2-0A5C-4B6A-B197-74BCC5E3577E}.Release|Any CPU.Build.0 = Release|Any CPU
		{E3A9F254-95F2-40A3-9BB0-155A14346C29}.Debug|Any CPU.ActiveCfg = Debug|Any CPU
		{E3A9F254-95F2-40A3-9BB0-155A14346C29}.Debug|Any CPU.Build.0 = Debug|Any CPU
		{E3A9F254-95F2-40A3-9BB0-155A14346C29}.Release|Any CPU.ActiveCfg = Release|Any CPU
		{E3A9F254-95F2-40A3-9BB0-155A14346C29}.Release|Any CPU.Build.0 = Release|Any CPU
	EndGlobalSection
	GlobalSection(SolutionProperties) = preSolution
		HideSolutionNode = FALSE
	EndGlobalSection
EndGlobal
